// !$*UTF8*$!
{
	archiveVersion = 1;
	classes = {
	};
	objectVersion = 50;
	objects = {

/* Begin PBXBuildFile section */
		50EBF622211688B00036C0DD /* AppDelegate.swift in Sources */ = {isa = PBXBuildFile; fileRef = 50EBF621211688B00036C0DD /* AppDelegate.swift */; };
		50EBF624211688B00036C0DD /* TodoListViewController.swift in Sources */ = {isa = PBXBuildFile; fileRef = 50EBF623211688B00036C0DD /* TodoListViewController.swift */; };
		50EBF627211688B00036C0DD /* Main.storyboard in Resources */ = {isa = PBXBuildFile; fileRef = 50EBF625211688B00036C0DD /* Main.storyboard */; };
		50EBF629211688B10036C0DD /* Assets.xcassets in Resources */ = {isa = PBXBuildFile; fileRef = 50EBF628211688B10036C0DD /* Assets.xcassets */; };
		50EBF62C211688B10036C0DD /* LaunchScreen.storyboard in Resources */ = {isa = PBXBuildFile; fileRef = 50EBF62A211688B10036C0DD /* LaunchScreen.storyboard */; };
		50EBF66021182E610036C0DD /* CategoryViewController.swift in Sources */ = {isa = PBXBuildFile; fileRef = 50EBF65F21182E610036C0DD /* CategoryViewController.swift */; };
		50EBF6642118F71E0036C0DD /* Item.swift in Sources */ = {isa = PBXBuildFile; fileRef = 50EBF6632118F71E0036C0DD /* Item.swift */; };
		50EBF6662118F72A0036C0DD /* Category.swift in Sources */ = {isa = PBXBuildFile; fileRef = 50EBF6652118F72A0036C0DD /* Category.swift */; };
		50EBF668211A68400036C0DD /* SwipeTableViewController.swift in Sources */ = {isa = PBXBuildFile; fileRef = 50EBF667211A68400036C0DD /* SwipeTableViewController.swift */; };
		BD518B9E2E07ECCCCD7F4470 /* Pods_Todoit.framework in Frameworks */ = {isa = PBXBuildFile; fileRef = 6CAA3753F54880860EA62D56 /* Pods_Todoit.framework */; };
/* End PBXBuildFile section */

/* Begin PBXFileReference section */
		1021040FCECA5BD9A55FF95E /* Pods-Todoit.release.xcconfig */ = {isa = PBXFileReference; includeInIndex = 1; lastKnownFileType = text.xcconfig; name = "Pods-Todoit.release.xcconfig"; path = "Pods/Target Support Files/Pods-Todoit/Pods-Todoit.release.xcconfig"; sourceTree = "<group>"; };
		3E7B11C55BEA2DD6B603211D /* Pods-Todoit.debug.xcconfig */ = {isa = PBXFileReference; includeInIndex = 1; lastKnownFileType = text.xcconfig; name = "Pods-Todoit.debug.xcconfig"; path = "Pods/Target Support Files/Pods-Todoit/Pods-Todoit.debug.xcconfig"; sourceTree = "<group>"; };
		50EBF61E211688AF0036C0DD /* Todoit.app */ = {isa = PBXFileReference; explicitFileType = wrapper.application; includeInIndex = 0; path = Todoit.app; sourceTree = BUILT_PRODUCTS_DIR; };
		50EBF621211688B00036C0DD /* AppDelegate.swift */ = {isa = PBXFileReference; lastKnownFileType = sourcecode.swift; path = AppDelegate.swift; sourceTree = "<group>"; };
		50EBF623211688B00036C0DD /* TodoListViewController.swift */ = {isa = PBXFileReference; lastKnownFileType = sourcecode.swift; path = TodoListViewController.swift; sourceTree = "<group>"; };
		50EBF626211688B00036C0DD /* Base */ = {isa = PBXFileReference; lastKnownFileType = file.storyboard; name = Base; path = Base.lproj/Main.storyboard; sourceTree = "<group>"; };
		50EBF628211688B10036C0DD /* Assets.xcassets */ = {isa = PBXFileReference; lastKnownFileType = folder.assetcatalog; path = Assets.xcassets; sourceTree = "<group>"; };
		50EBF62B211688B10036C0DD /* Base */ = {isa = PBXFileReference; lastKnownFileType = file.storyboard; name = Base; path = Base.lproj/LaunchScreen.storyboard; sourceTree = "<group>"; };
		50EBF62D211688B10036C0DD /* Info.plist */ = {isa = PBXFileReference; lastKnownFileType = text.plist.xml; path = Info.plist; sourceTree = "<group>"; };
		50EBF65F21182E610036C0DD /* CategoryViewController.swift */ = {isa = PBXFileReference; lastKnownFileType = sourcecode.swift; path = CategoryViewController.swift; sourceTree = "<group>"; };
		50EBF6632118F71E0036C0DD /* Item.swift */ = {isa = PBXFileReference; lastKnownFileType = sourcecode.swift; path = Item.swift; sourceTree = "<group>"; };
		50EBF6652118F72A0036C0DD /* Category.swift */ = {isa = PBXFileReference; lastKnownFileType = sourcecode.swift; path = Category.swift; sourceTree = "<group>"; };
		50EBF667211A68400036C0DD /* SwipeTableViewController.swift */ = {isa = PBXFileReference; lastKnownFileType = sourcecode.swift; path = SwipeTableViewController.swift; sourceTree = "<group>"; };
		6CAA3753F54880860EA62D56 /* Pods_Todoit.framework */ = {isa = PBXFileReference; explicitFileType = wrapper.framework; includeInIndex = 0; path = Pods_Todoit.framework; sourceTree = BUILT_PRODUCTS_DIR; };
/* End PBXFileReference section */

/* Begin PBXFrameworksBuildPhase section */
		50EBF61B211688AF0036C0DD /* Frameworks */ = {
			isa = PBXFrameworksBuildPhase;
			buildActionMask = 2147483647;
			files = (
				BD518B9E2E07ECCCCD7F4470 /* Pods_Todoit.framework in Frameworks */,
			);
			runOnlyForDeploymentPostprocessing = 0;
		};
/* End PBXFrameworksBuildPhase section */

/* Begin PBXGroup section */
		50EBF615211688AF0036C0DD = {
			isa = PBXGroup;
			children = (
				50EBF620211688AF0036C0DD /* Todoit */,
				50EBF61F211688AF0036C0DD /* Products */,
				B7AC9CB3E8F6A850D0FFFF0F /* Pods */,
				CF8877829A56898363994093 /* Frameworks */,
			);
			sourceTree = "<group>";
		};
		50EBF61F211688AF0036C0DD /* Products */ = {
			isa = PBXGroup;
			children = (
				50EBF61E211688AF0036C0DD /* Todoit.app */,
			);
			name = Products;
			sourceTree = "<group>";
		};
		50EBF620211688AF0036C0DD /* Todoit */ = {
			isa = PBXGroup;
			children = (
				50EBF621211688B00036C0DD /* AppDelegate.swift */,
				50EBF6352117BEB40036C0DD /* Data Model */,
				50EBF6362117C08F0036C0DD /* Controllers */,
				50EBF6372117C0A20036C0DD /* Views */,
				50EBF6382117C0B30036C0DD /* Supporting Files */,
				50EBF62D211688B10036C0DD /* Info.plist */,
			);
			path = Todoit;
			sourceTree = "<group>";
		};
		50EBF6352117BEB40036C0DD /* Data Model */ = {
			isa = PBXGroup;
			children = (
				50EBF6652118F72A0036C0DD /* Category.swift */,
				50EBF6632118F71E0036C0DD /* Item.swift */,
			);
			path = "Data Model";
			sourceTree = "<group>";
		};
		50EBF6362117C08F0036C0DD /* Controllers */ = {
			isa = PBXGroup;
			children = (
				50EBF65F21182E610036C0DD /* CategoryViewController.swift */,
				50EBF623211688B00036C0DD /* TodoListViewController.swift */,
				50EBF667211A68400036C0DD /* SwipeTableViewController.swift */,
			);
			path = Controllers;
			sourceTree = "<group>";
		};
		50EBF6372117C0A20036C0DD /* Views */ = {
			isa = PBXGroup;
			children = (
				50EBF625211688B00036C0DD /* Main.storyboard */,
			);
			path = Views;
			sourceTree = "<group>";
		};
		50EBF6382117C0B30036C0DD /* Supporting Files */ = {
			isa = PBXGroup;
			children = (
				50EBF628211688B10036C0DD /* Assets.xcassets */,
				50EBF62A211688B10036C0DD /* LaunchScreen.storyboard */,
			);
			path = "Supporting Files";
			sourceTree = "<group>";
		};
		B7AC9CB3E8F6A850D0FFFF0F /* Pods */ = {
			isa = PBXGroup;
			children = (
				3E7B11C55BEA2DD6B603211D /* Pods-Todoit.debug.xcconfig */,
				1021040FCECA5BD9A55FF95E /* Pods-Todoit.release.xcconfig */,
			);
			name = Pods;
			sourceTree = "<group>";
		};
		CF8877829A56898363994093 /* Frameworks */ = {
			isa = PBXGroup;
			children = (
				6CAA3753F54880860EA62D56 /* Pods_Todoit.framework */,
			);
			name = Frameworks;
			sourceTree = "<group>";
		};
/* End PBXGroup section */

/* Begin PBXNativeTarget section */
		50EBF61D211688AF0036C0DD /* Todoit */ = {
			isa = PBXNativeTarget;
			buildConfigurationList = 50EBF630211688B10036C0DD /* Build configuration list for PBXNativeTarget "Todoit" */;
			buildPhases = (
				2A6925A6BB0BD922532DFE73 /* [CP] Check Pods Manifest.lock */,
				50EBF61A211688AF0036C0DD /* Sources */,
				50EBF61B211688AF0036C0DD /* Frameworks */,
				50EBF61C211688AF0036C0DD /* Resources */,
				A97360EF61BC1D4ACB600349 /* [CP] Embed Pods Frameworks */,
			);
			buildRules = (
			);
			dependencies = (
			);
			name = Todoit;
			productName = Todoit;
			productReference = 50EBF61E211688AF0036C0DD /* Todoit.app */;
			productType = "com.apple.product-type.application";
		};
/* End PBXNativeTarget section */

/* Begin PBXProject section */
		50EBF616211688AF0036C0DD /* Project object */ = {
			isa = PBXProject;
			attributes = {
				LastSwiftUpdateCheck = 0940;
				LastUpgradeCheck = 0940;
				ORGANIZATIONNAME = "Paolo Bernardo";
				TargetAttributes = {
					50EBF61D211688AF0036C0DD = {
						CreatedOnToolsVersion = 9.4.1;
					};
				};
			};
			buildConfigurationList = 50EBF619211688AF0036C0DD /* Build configuration list for PBXProject "Todoit" */;
			compatibilityVersion = "Xcode 9.3";
			developmentRegion = en;
			hasScannedForEncodings = 0;
			knownRegions = (
				en,
				Base,
			);
			mainGroup = 50EBF615211688AF0036C0DD;
			productRefGroup = 50EBF61F211688AF0036C0DD /* Products */;
			projectDirPath = "";
			projectRoot = "";
			targets = (
				50EBF61D211688AF0036C0DD /* Todoit */,
			);
		};
/* End PBXProject section */

/* Begin PBXResourcesBuildPhase section */
		50EBF61C211688AF0036C0DD /* Resources */ = {
			isa = PBXResourcesBuildPhase;
			buildActionMask = 2147483647;
			files = (
				50EBF62C211688B10036C0DD /* LaunchScreen.storyboard in Resources */,
				50EBF629211688B10036C0DD /* Assets.xcassets in Resources */,
				50EBF627211688B00036C0DD /* Main.storyboard in Resources */,
			);
			runOnlyForDeploymentPostprocessing = 0;
		};
/* End PBXResourcesBuildPhase section */

/* Begin PBXShellScriptBuildPhase section */
		2A6925A6BB0BD922532DFE73 /* [CP] Check Pods Manifest.lock */ = {
			isa = PBXShellScriptBuildPhase;
			buildActionMask = 2147483647;
			files = (
			);
			inputPaths = (
				"${PODS_PODFILE_DIR_PATH}/Podfile.lock",
				"${PODS_ROOT}/Manifest.lock",
			);
			name = "[CP] Check Pods Manifest.lock";
			outputPaths = (
				"$(DERIVED_FILE_DIR)/Pods-Todoit-checkManifestLockResult.txt",
			);
			runOnlyForDeploymentPostprocessing = 0;
			shellPath = /bin/sh;
			shellScript = "diff \"${PODS_PODFILE_DIR_PATH}/Podfile.lock\" \"${PODS_ROOT}/Manifest.lock\" > /dev/null\nif [ $? != 0 ] ; then\n    # print error to STDERR\n    echo \"error: The sandbox is not in sync with the Podfile.lock. Run 'pod install' or update your CocoaPods installation.\" >&2\n    exit 1\nfi\n# This output is used by Xcode 'outputs' to avoid re-running this script phase.\necho \"SUCCESS\" > \"${SCRIPT_OUTPUT_FILE_0}\"\n";
			showEnvVarsInLog = 0;
		};
		A97360EF61BC1D4ACB600349 /* [CP] Embed Pods Frameworks */ = {
			isa = PBXShellScriptBuildPhase;
			buildActionMask = 2147483647;
			files = (
			);
			inputPaths = (
				"${SRCROOT}/Pods/Target Support Files/Pods-Todoit/Pods-Todoit-frameworks.sh",
				"${BUILT_PRODUCTS_DIR}/ChameleonFramework/ChameleonFramework.framework",
				"${BUILT_PRODUCTS_DIR}/Realm/Realm.framework",
				"${BUILT_PRODUCTS_DIR}/RealmSwift/RealmSwift.framework",
				"${BUILT_PRODUCTS_DIR}/SwipeCellKit/SwipeCellKit.framework",
			);
			name = "[CP] Embed Pods Frameworks";
			outputPaths = (
				"${TARGET_BUILD_DIR}/${FRAMEWORKS_FOLDER_PATH}/ChameleonFramework.framework",
				"${TARGET_BUILD_DIR}/${FRAMEWORKS_FOLDER_PATH}/Realm.framework",
				"${TARGET_BUILD_DIR}/${FRAMEWORKS_FOLDER_PATH}/RealmSwift.framework",
				"${TARGET_BUILD_DIR}/${FRAMEWORKS_FOLDER_PATH}/SwipeCellKit.framework",
			);
			runOnlyForDeploymentPostprocessing = 0;
			shellPath = /bin/sh;
			shellScript = "\"${SRCROOT}/Pods/Target Support Files/Pods-Todoit/Pods-Todoit-frameworks.sh\"\n";
			showEnvVarsInLog = 0;
		};
/* End PBXShellScriptBuildPhase section */

/* Begin PBXSourcesBuildPhase section */
		50EBF61A211688AF0036C0DD /* Sources */ = {
			isa = PBXSourcesBuildPhase;
			buildActionMask = 2147483647;
			files = (
				50EBF6642118F71E0036C0DD /* Item.swift in Sources */,
				50EBF66021182E610036C0DD /* CategoryViewController.swift in Sources */,
				50EBF624211688B00036C0DD /* TodoListViewController.swift in Sources */,
				50EBF622211688B00036C0DD /* AppDelegate.swift in Sources */,
				50EBF668211A68400036C0DD /* SwipeTableViewController.swift in Sources */,
				50EBF6662118F72A0036C0DD /* Category.swift in Sources */,
			);
			runOnlyForDeploymentPostprocessing = 0;
		};
/* End PBXSourcesBuildPhase section */

/* Begin PBXVariantGroup section */
		50EBF625211688B00036C0DD /* Main.storyboard */ = {
			isa = PBXVariantGroup;
			children = (
				50EBF626211688B00036C0DD /* Base */,
			);
			name = Main.storyboard;
			sourceTree = "<group>";
		};
		50EBF62A211688B10036C0DD /* LaunchScreen.storyboard */ = {
			isa = PBXVariantGroup;
			children = (
				50EBF62B211688B10036C0DD /* Base */,
			);
			name = LaunchScreen.storyboard;
			sourceTree = "<group>";
		};
/* End PBXVariantGroup section */

/* Begin XCBuildConfiguration section */
		50EBF62E211688B10036C0DD /* Debug */ = {
			isa = XCBuildConfiguration;
			buildSettings = {
				ALWAYS_SEARCH_USER_PATHS = NO;
				CLANG_ANALYZER_NONNULL = YES;
				CLANG_ANALYZER_NUMBER_OBJECT_CONVERSION = YES_AGGRESSIVE;
				CLANG_CXX_LANGUAGE_STANDARD = "gnu++14";
				CLANG_CXX_LIBRARY = "libc++";
				CLANG_ENABLE_MODULES = YES;
				CLANG_ENABLE_OBJC_ARC = YES;
				CLANG_ENABLE_OBJC_WEAK = YES;
				CLANG_WARN_BLOCK_CAPTURE_AUTORELEASING = YES;
				CLANG_WARN_BOOL_CONVERSION = YES;
				CLANG_WARN_COMMA = YES;
				CLANG_WARN_CONSTANT_CONVERSION = YES;
				CLANG_WARN_DEPRECATED_OBJC_IMPLEMENTATIONS = YES;
				CLANG_WARN_DIRECT_OBJC_ISA_USAGE = YES_ERROR;
				CLANG_WARN_DOCUMENTATION_COMMENTS = YES;
				CLANG_WARN_EMPTY_BODY = YES;
				CLANG_WARN_ENUM_CONVERSION = YES;
				CLANG_WARN_INFINITE_RECURSION = YES;
				CLANG_WARN_INT_CONVERSION = YES;
				CLANG_WARN_NON_LITERAL_NULL_CONVERSION = YES;
				CLANG_WARN_OBJC_IMPLICIT_RETAIN_SELF = YES;
				CLANG_WARN_OBJC_LITERAL_CONVERSION = YES;
				CLANG_WARN_OBJC_ROOT_CLASS = YES_ERROR;
				CLANG_WARN_RANGE_LOOP_ANALYSIS = YES;
				CLANG_WARN_STRICT_PROTOTYPES = YES;
				CLANG_WARN_SUSPICIOUS_MOVE = YES;
				CLANG_WARN_UNGUARDED_AVAILABILITY = YES_AGGRESSIVE;
				CLANG_WARN_UNREACHABLE_CODE = YES;
				CLANG_WARN__DUPLICATE_METHOD_MATCH = YES;
				CODE_SIGN_IDENTITY = "iPhone Developer";
				COPY_PHASE_STRIP = NO;
				DEBUG_INFORMATION_FORMAT = dwarf;
				ENABLE_STRICT_OBJC_MSGSEND = YES;
				ENABLE_TESTABILITY = YES;
				GCC_C_LANGUAGE_STANDARD = gnu11;
				GCC_DYNAMIC_NO_PIC = NO;
				GCC_NO_COMMON_BLOCKS = YES;
				GCC_OPTIMIZATION_LEVEL = 0;
				GCC_PREPROCESSOR_DEFINITIONS = (
					"DEBUG=1",
					"$(inherited)",
				);
				GCC_WARN_64_TO_32_BIT_CONVERSION = YES;
				GCC_WARN_ABOUT_RETURN_TYPE = YES_ERROR;
				GCC_WARN_UNDECLARED_SELECTOR = YES;
				GCC_WARN_UNINITIALIZED_AUTOS = YES_AGGRESSIVE;
				GCC_WARN_UNUSED_FUNCTION = YES;
				GCC_WARN_UNUSED_VARIABLE = YES;
				IPHONEOS_DEPLOYMENT_TARGET = 11.4;
				MTL_ENABLE_DEBUG_INFO = YES;
				ONLY_ACTIVE_ARCH = YES;
				SDKROOT = iphoneos;
				SWIFT_ACTIVE_COMPILATION_CONDITIONS = DEBUG;
				SWIFT_OPTIMIZATION_LEVEL = "-Onone";
			};
			name = Debug;
		};
		50EBF62F211688B10036C0DD /* Release */ = {
			isa = XCBuildConfiguration;
			buildSettings = {
				ALWAYS_SEARCH_USER_PATHS = NO;
				CLANG_ANALYZER_NONNULL = YES;
				CLANG_ANALYZER_NUMBER_OBJECT_CONVERSION = YES_AGGRESSIVE;
				CLANG_CXX_LANGUAGE_STANDARD = "gnu++14";
				CLANG_CXX_LIBRARY = "libc++";
				CLANG_ENABLE_MODULES = YES;
				CLANG_ENABLE_OBJC_ARC = YES;
				CLANG_ENABLE_OBJC_WEAK = YES;
				CLANG_WARN_BLOCK_CAPTURE_AUTORELEASING = YES;
				CLANG_WARN_BOOL_CONVERSION = YES;
				CLANG_WARN_COMMA = YES;
				CLANG_WARN_CONSTANT_CONVERSION = YES;
				CLANG_WARN_DEPRECATED_OBJC_IMPLEMENTATIONS = YES;
				CLANG_WARN_DIRECT_OBJC_ISA_USAGE = YES_ERROR;
				CLANG_WARN_DOCUMENTATION_COMMENTS = YES;
				CLANG_WARN_EMPTY_BODY = YES;
				CLANG_WARN_ENUM_CONVERSION = YES;
				CLANG_WARN_INFINITE_RECURSION = YES;
				CLANG_WARN_INT_CONVERSION = YES;
				CLANG_WARN_NON_LITERAL_NULL_CONVERSION = YES;
				CLANG_WARN_OBJC_IMPLICIT_RETAIN_SELF = YES;
				CLANG_WARN_OBJC_LITERAL_CONVERSION = YES;
				CLANG_WARN_OBJC_ROOT_CLASS = YES_ERROR;
				CLANG_WARN_RANGE_LOOP_ANALYSIS = YES;
				CLANG_WARN_STRICT_PROTOTYPES = YES;
				CLANG_WARN_SUSPICIOUS_MOVE = YES;
				CLANG_WARN_UNGUARDED_AVAILABILITY = YES_AGGRESSIVE;
				CLANG_WARN_UNREACHABLE_CODE = YES;
				CLANG_WARN__DUPLICATE_METHOD_MATCH = YES;
				CODE_SIGN_IDENTITY = "iPhone Developer";
				COPY_PHASE_STRIP = NO;
				DEBUG_INFORMATION_FORMAT = "dwarf-with-dsym";
				ENABLE_NS_ASSERTIONS = NO;
				ENABLE_STRICT_OBJC_MSGSEND = YES;
				GCC_C_LANGUAGE_STANDARD = gnu11;
				GCC_NO_COMMON_BLOCKS = YES;
				GCC_WARN_64_TO_32_BIT_CONVERSION = YES;
				GCC_WARN_ABOUT_RETURN_TYPE = YES_ERROR;
				GCC_WARN_UNDECLARED_SELECTOR = YES;
				GCC_WARN_UNINITIALIZED_AUTOS = YES_AGGRESSIVE;
				GCC_WARN_UNUSED_FUNCTION = YES;
				GCC_WARN_UNUSED_VARIABLE = YES;
				IPHONEOS_DEPLOYMENT_TARGET = 11.4;
				MTL_ENABLE_DEBUG_INFO = NO;
				SDKROOT = iphoneos;
				SWIFT_COMPILATION_MODE = wholemodule;
				SWIFT_OPTIMIZATION_LEVEL = "-O";
				VALIDATE_PRODUCT = YES;
			};
			name = Release;
		};
		50EBF631211688B10036C0DD /* Debug */ = {
			isa = XCBuildConfiguration;
			baseConfigurationReference = 3E7B11C55BEA2DD6B603211D /* Pods-Todoit.debug.xcconfig */;
			buildSettings = {
				ASSETCATALOG_COMPILER_APPICON_NAME = AppIcon;
				CODE_SIGN_STYLE = Automatic;
				DEVELOPMENT_TEAM = 99M62A27Z9;
				INFOPLIST_FILE = Todoit/Info.plist;
				LD_RUNPATH_SEARCH_PATHS = (
					"$(inherited)",
					"@executable_path/Frameworks",
				);
				PRODUCT_BUNDLE_IDENTIFIER = com.paolobernardo.Todoit;
				PRODUCT_NAME = "$(TARGET_NAME)";
				SWIFT_VERSION = 4.0;
				TARGETED_DEVICE_FAMILY = "1,2";
			};
			name = Debug;
		};
		50EBF632211688B10036C0DD /* Release */ = {
			isa = XCBuildConfiguration;
			baseConfigurationReference = 1021040FCECA5BD9A55FF95E /* Pods-Todoit.release.xcconfig */;
			buildSettings = {
				ASSETCATALOG_COMPILER_APPICON_NAME = AppIcon;
				CODE_SIGN_STYLE = Automatic;
				DEVELOPMENT_TEAM = 99M62A27Z9;
				INFOPLIST_FILE = Todoit/Info.plist;
				LD_RUNPATH_SEARCH_PATHS = (
					"$(inherited)",
					"@executable_path/Frameworks",
				);
				PRODUCT_BUNDLE_IDENTIFIER = com.paolobernardo.Todoit;
				PRODUCT_NAME = "$(TARGET_NAME)";
				SWIFT_VERSION = 4.0;
				TARGETED_DEVICE_FAMILY = "1,2";
			};
			name = Release;
		};
/* End XCBuildConfiguration section */

/* Begin XCConfigurationList section */
		50EBF619211688AF0036C0DD /* Build configuration list for PBXProject "Todoit" */ = {
			isa = XCConfigurationList;
			buildConfigurations = (
				50EBF62E211688B10036C0DD /* Debug */,
				50EBF62F211688B10036C0DD /* Release */,
			);
			defaultConfigurationIsVisible = 0;
			defaultConfigurationName = Release;
		};
		50EBF630211688B10036C0DD /* Build configuration list for PBXNativeTarget "Todoit" */ = {
			isa = XCConfigurationList;
			buildConfigurations = (
				50EBF631211688B10036C0DD /* Debug */,
				50EBF632211688B10036C0DD /* Release */,
			);
			defaultConfigurationIsVisible = 0;
			defaultConfigurationName = Release;
		};
/* End XCConfigurationList section */
	};
	rootObject = 50EBF616211688AF0036C0DD /* Project object */;
}
